
Microsoft Visual Studio Solution File, Format Version 12.00
# Visual Studio Version 17
VisualStudioVersion = 17.11.35208.52
MinimumVisualStudioVersion = 10.0.40219.1
Project("{8BC9CEB8-8B4A-11D0-8D11-00A0C91BC942}") = "LR 2.1", "LR 2.1\LR 2.1.vcxproj", "{5CC07A8A-F878-4436-BDE4-E4A4085DA09A}"
EndProject
Global
	GlobalSection(SolutionConfigurationPlatforms) = preSolution
		Debug|x64 = Debug|x64
		Debug|x86 = Debug|x86
		Release|x64 = Release|x64
		Release|x86 = Release|x86
	EndGlobalSection
	GlobalSection(ProjectConfigurationPlatforms) = postSolution
		{5CC07A8A-F878-4436-BDE4-E4A4085DA09A}.Debug|x64.ActiveCfg = Debug|x64
		{5CC07A8A-F878-4436-BDE4-E4A4085DA09A}.Debug|x64.Build.0 = Debug|x64
		{5CC07A8A-F878-4436-BDE4-E4A4085DA09A}.Debug|x86.ActiveCfg = Debug|Win32
		{5CC07A8A-F878-4436-BDE4-E4A4085DA09A}.Debug|x86.Build.0 = Debug|Win32
		{5CC07A8A-F878-4436-BDE4-E4A4085DA09A}.Release|x64.ActiveCfg = Release|x64
		{5CC07A8A-F878-4436-BDE4-E4A4085DA09A}.Release|x64.Build.0 = Release|x64
		{5CC07A8A-F878-4436-BDE4-E4A4085DA09A}.Release|x86.ActiveCfg = Release|Win32
		{5CC07A8A-F878-4436-BDE4-E4A4085DA09A}.Release|x86.Build.0 = Release|Win32
	EndGlobalSection
	GlobalSection(SolutionProperties) = preSolution
		HideSolutionNode = FALSE
	EndGlobalSection
	GlobalSection(ExtensibilityGlobals) = postSolution
		SolutionGuid = {D51CF0BE-490B-4C81-8177-FD69C6C3262D}
	EndGlobalSection
EndGlobal
